
Microsoft Visual Studio Solution File, Format Version 12.00
# Visual Studio Version 16
VisualStudioVersion = 16.0.30804.86
MinimumVisualStudioVersion = 10.0.40219.1
Project("{FAE04EC0-301F-11D3-BF4B-00C04F79EFBC}") = "Sunum", "PresentationLayer\Sunum.csproj", "{683B3582-7927-47C0-A1FA-262814242D30}"
EndProject
Project("{FAE04EC0-301F-11D3-BF4B-00C04F79EFBC}") = "DataLayer", "DataLayer\DataLayer.csproj", "{D05A0DB7-9582-4E0D-A3C9-B07665AF6827}"
EndProject
Project("{FAE04EC0-301F-11D3-BF4B-00C04F79EFBC}") = "BusinessLayer", "BusinessLayer\BusinessLayer.csproj", "{36FC32E3-6EAB-4D5C-A928-4149BA2ACFBD}"
EndProject
Project("{FAE04EC0-301F-11D3-BF4B-00C04F79EFBC}") = "Entities", "Entities\Entities.csproj", "{6F166542-0594-4B3A-9351-BE6ADF85F3C1}"
EndProject
Project("{9A19103F-16F7-4668-BE54-9A1E7A4F7556}") = "TaskManagerTest", "TaskManagerTest\TaskManagerTest.csproj", "{C97CF2D7-B90D-4E20-9CB9-CC70AC34A5D2}"
EndProject
Global
	GlobalSection(SolutionConfigurationPlatforms) = preSolution
		Debug|Any CPU = Debug|Any CPU
		Release|Any CPU = Release|Any CPU
	EndGlobalSection
	GlobalSection(ProjectConfigurationPlatforms) = postSolution
		{683B3582-7927-47C0-A1FA-262814242D30}.Debug|Any CPU.ActiveCfg = Debug|Any CPU
		{683B3582-7927-47C0-A1FA-262814242D30}.Debug|Any CPU.Build.0 = Debug|Any CPU
		{683B3582-7927-47C0-A1FA-262814242D30}.Release|Any CPU.ActiveCfg = Release|Any CPU
		{683B3582-7927-47C0-A1FA-262814242D30}.Release|Any CPU.Build.0 = Release|Any CPU
		{D05A0DB7-9582-4E0D-A3C9-B07665AF6827}.Debug|Any CPU.ActiveCfg = Debug|Any CPU
		{D05A0DB7-9582-4E0D-A3C9-B07665AF6827}.Debug|Any CPU.Build.0 = Debug|Any CPU
		{D05A0DB7-9582-4E0D-A3C9-B07665AF6827}.Release|Any CPU.ActiveCfg = Release|Any CPU
		{D05A0DB7-9582-4E0D-A3C9-B07665AF6827}.Release|Any CPU.Build.0 = Release|Any CPU
		{36FC32E3-6EAB-4D5C-A928-4149BA2ACFBD}.Debug|Any CPU.ActiveCfg = Debug|Any CPU
		{36FC32E3-6EAB-4D5C-A928-4149BA2ACFBD}.Debug|Any CPU.Build.0 = Debug|Any CPU
		{36FC32E3-6EAB-4D5C-A928-4149BA2ACFBD}.Release|Any CPU.ActiveCfg = Release|Any CPU
		{36FC32E3-6EAB-4D5C-A928-4149BA2ACFBD}.Release|Any CPU.Build.0 = Release|Any CPU
		{6F166542-0594-4B3A-9351-BE6ADF85F3C1}.Debug|Any CPU.ActiveCfg = Debug|Any CPU
		{6F166542-0594-4B3A-9351-BE6ADF85F3C1}.Debug|Any CPU.Build.0 = Debug|Any CPU
		{6F166542-0594-4B3A-9351-BE6ADF85F3C1}.Release|Any CPU.ActiveCfg = Release|Any CPU
		{6F166542-0594-4B3A-9351-BE6ADF85F3C1}.Release|Any CPU.Build.0 = Release|Any CPU
		{C97CF2D7-B90D-4E20-9CB9-CC70AC34A5D2}.Debug|Any CPU.ActiveCfg = Debug|Any CPU
		{C97CF2D7-B90D-4E20-9CB9-CC70AC34A5D2}.Debug|Any CPU.Build.0 = Debug|Any CPU
		{C97CF2D7-B90D-4E20-9CB9-CC70AC34A5D2}.Release|Any CPU.ActiveCfg = Release|Any CPU
		{C97CF2D7-B90D-4E20-9CB9-CC70AC34A5D2}.Release|Any CPU.Build.0 = Release|Any CPU
	EndGlobalSection
	GlobalSection(SolutionProperties) = preSolution
		HideSolutionNode = FALSE
	EndGlobalSection
	GlobalSection(ExtensibilityGlobals) = postSolution
		SolutionGuid = {5C82062C-503E-4EF3-ADDC-BE3E6BABB053}
	EndGlobalSection
EndGlobal
